
Microsoft Visual Studio Solution File, Format Version 12.00
# Visual Studio 15
Project("{FAE04EC0-301F-11D3-BF4B-00C04F79EFBC}") = "Assembly-CSharp", "Assembly-CSharp.csproj", "{9C1C48E9-A85A-7531-A16F-3DD4DB9BAF27}"
EndProject
Project("{FAE04EC0-301F-11D3-BF4B-00C04F79EFBC}") = "Assembly-CSharp-Editor", "Assembly-CSharp-Editor.csproj", "{B472203E-B38B-8386-43D9-F6EEFAEFE982}"
EndProject
Project("{FAE04EC0-301F-11D3-BF4B-00C04F79EFBC}") = "sc.terrain.painter.runtime", "sc.terrain.painter.runtime.csproj", "{803EAA82-5AE2-75F2-810E-8D7715D24AA3}"
EndProject
Project("{FAE04EC0-301F-11D3-BF4B-00C04F79EFBC}") = "sc.terrain.painter.editor", "sc.terrain.painter.editor.csproj", "{E150D62F-3C1D-E6B6-093C-8C880095B1AB}"
EndProject
Global
	GlobalSection(SolutionConfigurationPlatforms) = preSolution
		Debug|Any CPU = Debug|Any CPU
		Release|Any CPU = Release|Any CPU
	EndGlobalSection
	GlobalSection(ProjectConfigurationPlatforms) = postSolution
		{9C1C48E9-A85A-7531-A16F-3DD4DB9BAF27}.Debug|Any CPU.ActiveCfg = Debug|Any CPU
		{9C1C48E9-A85A-7531-A16F-3DD4DB9BAF27}.Debug|Any CPU.Build.0 = Debug|Any CPU
		{9C1C48E9-A85A-7531-A16F-3DD4DB9BAF27}.Release|Any CPU.ActiveCfg = Release|Any CPU
		{9C1C48E9-A85A-7531-A16F-3DD4DB9BAF27}.Release|Any CPU.Build.0 = Release|Any CPU
		{B472203E-B38B-8386-43D9-F6EEFAEFE982}.Debug|Any CPU.ActiveCfg = Debug|Any CPU
		{B472203E-B38B-8386-43D9-F6EEFAEFE982}.Debug|Any CPU.Build.0 = Debug|Any CPU
		{B472203E-B38B-8386-43D9-F6EEFAEFE982}.Release|Any CPU.ActiveCfg = Release|Any CPU
		{B472203E-B38B-8386-43D9-F6EEFAEFE982}.Release|Any CPU.Build.0 = Release|Any CPU
		{803EAA82-5AE2-75F2-810E-8D7715D24AA3}.Debug|Any CPU.ActiveCfg = Debug|Any CPU
		{803EAA82-5AE2-75F2-810E-8D7715D24AA3}.Debug|Any CPU.Build.0 = Debug|Any CPU
		{803EAA82-5AE2-75F2-810E-8D7715D24AA3}.Release|Any CPU.ActiveCfg = Release|Any CPU
		{803EAA82-5AE2-75F2-810E-8D7715D24AA3}.Release|Any CPU.Build.0 = Release|Any CPU
		{E150D62F-3C1D-E6B6-093C-8C880095B1AB}.Debug|Any CPU.ActiveCfg = Debug|Any CPU
		{E150D62F-3C1D-E6B6-093C-8C880095B1AB}.Debug|Any CPU.Build.0 = Debug|Any CPU
		{E150D62F-3C1D-E6B6-093C-8C880095B1AB}.Release|Any CPU.ActiveCfg = Release|Any CPU
		{E150D62F-3C1D-E6B6-093C-8C880095B1AB}.Release|Any CPU.Build.0 = Release|Any CPU
	EndGlobalSection
	GlobalSection(SolutionProperties) = preSolution
		HideSolutionNode = FALSE
	EndGlobalSection
EndGlobal
